
Microsoft Visual Studio Solution File, Format Version 12.00
# Visual Studio Version 16
VisualStudioVersion = 16.0.29503.13
MinimumVisualStudioVersion = 10.0.40219.1
Project("{9A19103F-16F7-4668-BE54-9A1E7A4F7556}") = "BotBrownCli", "BotBrownCli\BotBrownCli.csproj", "{6DEDBFF9-4BD8-4A83-A7ED-B06D7246A6DA}"
EndProject
Project("{9A19103F-16F7-4668-BE54-9A1E7A4F7556}") = "BotBrownCore", "BotBrownCore\BotBrownCore.csproj", "{DE6F56DC-6EE9-48BB-8169-EF2E931C94D5}"
EndProject
Project("{2150E333-8FDC-42A3-9474-1A3956D46DE8}") = "Solution Items", "Solution Items", "{C2EB7DD9-F2AE-4EA1-A1EC-5C47AF0C7F87}"
	ProjectSection(SolutionItems) = preProject
		.editorconfig = .editorconfig
		.gitignore = .gitignore
		doc-112x112.png = doc-112x112.png
		doc-2000x2000.png = doc-2000x2000.png
		doc-28x28.png = doc-28x28.png
		doc-56x56.png = doc-56x56.png
		LICENSE = LICENSE
		README.md = README.md
	EndProjectSection
EndProject
Project("{9A19103F-16F7-4668-BE54-9A1E7A4F7556}") = "BotBrownCore.Tests", "BotBrownCore.Tests\BotBrownCore.Tests.csproj", "{8543C509-0088-4A9A-931F-E24165650C07}"
EndProject
Project("{FAE04EC0-301F-11D3-BF4B-00C04F79EFBC}") = "BotbrownWPF", "BotbrownWPF\BotbrownWPF.csproj", "{49D6B424-8985-4833-81C6-C243CE1CD074}"
EndProject
Global
	GlobalSection(SolutionConfigurationPlatforms) = preSolution
		Debug|x64 = Debug|x64
		Release|x64 = Release|x64
	EndGlobalSection
	GlobalSection(ProjectConfigurationPlatforms) = postSolution
		{6DEDBFF9-4BD8-4A83-A7ED-B06D7246A6DA}.Debug|x64.ActiveCfg = Debug|x64
		{6DEDBFF9-4BD8-4A83-A7ED-B06D7246A6DA}.Debug|x64.Build.0 = Debug|x64
		{6DEDBFF9-4BD8-4A83-A7ED-B06D7246A6DA}.Release|x64.ActiveCfg = Release|x64
		{6DEDBFF9-4BD8-4A83-A7ED-B06D7246A6DA}.Release|x64.Build.0 = Release|x64
		{DE6F56DC-6EE9-48BB-8169-EF2E931C94D5}.Debug|x64.ActiveCfg = Debug|x64
		{DE6F56DC-6EE9-48BB-8169-EF2E931C94D5}.Debug|x64.Build.0 = Debug|x64
		{DE6F56DC-6EE9-48BB-8169-EF2E931C94D5}.Release|x64.ActiveCfg = Release|x64
		{DE6F56DC-6EE9-48BB-8169-EF2E931C94D5}.Release|x64.Build.0 = Release|x64
		{8543C509-0088-4A9A-931F-E24165650C07}.Debug|x64.ActiveCfg = Debug|x64
		{8543C509-0088-4A9A-931F-E24165650C07}.Debug|x64.Build.0 = Debug|x64
		{8543C509-0088-4A9A-931F-E24165650C07}.Release|x64.ActiveCfg = Release|x64
		{8543C509-0088-4A9A-931F-E24165650C07}.Release|x64.Build.0 = Release|x64
		{49D6B424-8985-4833-81C6-C243CE1CD074}.Debug|x64.ActiveCfg = Debug|Any CPU
		{49D6B424-8985-4833-81C6-C243CE1CD074}.Debug|x64.Build.0 = Debug|Any CPU
		{49D6B424-8985-4833-81C6-C243CE1CD074}.Release|x64.ActiveCfg = Release|Any CPU
		{49D6B424-8985-4833-81C6-C243CE1CD074}.Release|x64.Build.0 = Release|Any CPU
	EndGlobalSection
	GlobalSection(SolutionProperties) = preSolution
		HideSolutionNode = FALSE
	EndGlobalSection
	GlobalSection(ExtensibilityGlobals) = postSolution
		SolutionGuid = {B80EAAEE-4338-4C30-A9B9-844EAA7063FE}
	EndGlobalSection
EndGlobal
